PODS:
  - Nimble (1.0.0)
  - Quick (0.3.1)
  - Siegel (0.1.0)

DEPENDENCIES:
  - Nimble
  - Quick (~> 0.3.1)
  - Siegel (from `../`)

EXTERNAL SOURCES:
  Siegel:
    :path: "../"

SPEC CHECKSUMS:
  Nimble: 8bee528e5fcc403653076545db562d2b5db7bb87
  Quick: 824572d3d198d51e52cf4aa722cebf7e59952a35
  Siegel: 20f52105a4a7bfc7752c53edfe6ce1480bc3d5df

COCOAPODS: 0.37.2
